// !$*UTF8*$!
{
	archiveVersion = 1;
	classes = {
	};
	objectVersion = 55;
	objects = {

/* Begin PBXBuildFile section */
		05D90F0A274BEAE800A93410 /* AppDelegate.swift in Sources */ = {isa = PBXBuildFile; fileRef = 05D90F09274BEAE800A93410 /* AppDelegate.swift */; };
		05D90F0C274BEAE800A93410 /* SceneDelegate.swift in Sources */ = {isa = PBXBuildFile; fileRef = 05D90F0B274BEAE800A93410 /* SceneDelegate.swift */; };
		05D90F13274BEAED00A93410 /* Assets.xcassets in Resources */ = {isa = PBXBuildFile; fileRef = 05D90F12274BEAED00A93410 /* Assets.xcassets */; };
		05D90F16274BEAED00A93410 /* LaunchScreen.storyboard in Resources */ = {isa = PBXBuildFile; fileRef = 05D90F14274BEAED00A93410 /* LaunchScreen.storyboard */; };
		05D90F21274BEE0000A93410 /* AppCoordinator.swift in Sources */ = {isa = PBXBuildFile; fileRef = 05D90F20274BEE0000A93410 /* AppCoordinator.swift */; };
		05D90F23274BEE2000A93410 /* Coordinator.swift in Sources */ = {isa = PBXBuildFile; fileRef = 05D90F22274BEE2000A93410 /* Coordinator.swift */; };
		05D90F25274BEED200A93410 /* AuthFlowCoordinator.swift in Sources */ = {isa = PBXBuildFile; fileRef = 05D90F24274BEED200A93410 /* AuthFlowCoordinator.swift */; };
		05D90F27274BEEFF00A93410 /* JokeFlowCoordinator.swift in Sources */ = {isa = PBXBuildFile; fileRef = 05D90F26274BEEFF00A93410 /* JokeFlowCoordinator.swift */; };
		05D90F29274BF28900A93410 /* StartViewController.swift in Sources */ = {isa = PBXBuildFile; fileRef = 05D90F28274BF28900A93410 /* StartViewController.swift */; };
		05D90F2C274BF2A700A93410 /* SnapKit in Frameworks */ = {isa = PBXBuildFile; productRef = 05D90F2B274BF2A700A93410 /* SnapKit */; };
		05D90F31274BF4E900A93410 /* SignInViewController.swift in Sources */ = {isa = PBXBuildFile; fileRef = 05D90F30274BF4E900A93410 /* SignInViewController.swift */; };
		05D90F34274BF72900A93410 /* SignUpLoginViewController.swift in Sources */ = {isa = PBXBuildFile; fileRef = 05D90F33274BF72900A93410 /* SignUpLoginViewController.swift */; };
		05D90F36274BF79400A93410 /* SignUpPasswordViewController.swift in Sources */ = {isa = PBXBuildFile; fileRef = 05D90F35274BF79400A93410 /* SignUpPasswordViewController.swift */; };
		05D90F38274BF85F00A93410 /* CoordinatorFactory.swift in Sources */ = {isa = PBXBuildFile; fileRef = 05D90F37274BF85F00A93410 /* CoordinatorFactory.swift */; };
		05D90F3A274BFA7B00A93410 /* FlowController.swift in Sources */ = {isa = PBXBuildFile; fileRef = 05D90F39274BFA7B00A93410 /* FlowController.swift */; };
/* End PBXBuildFile section */

/* Begin PBXFileReference section */
		05D90F06274BEAE800A93410 /* Jokes.app */ = {isa = PBXFileReference; explicitFileType = wrapper.application; includeInIndex = 0; path = Jokes.app; sourceTree = BUILT_PRODUCTS_DIR; };
		05D90F09274BEAE800A93410 /* AppDelegate.swift */ = {isa = PBXFileReference; lastKnownFileType = sourcecode.swift; path = AppDelegate.swift; sourceTree = "<group>"; };
		05D90F0B274BEAE800A93410 /* SceneDelegate.swift */ = {isa = PBXFileReference; lastKnownFileType = sourcecode.swift; path = SceneDelegate.swift; sourceTree = "<group>"; };
		05D90F12274BEAED00A93410 /* Assets.xcassets */ = {isa = PBXFileReference; lastKnownFileType = folder.assetcatalog; path = Assets.xcassets; sourceTree = "<group>"; };
		05D90F15274BEAED00A93410 /* Base */ = {isa = PBXFileReference; lastKnownFileType = file.storyboard; name = Base; path = Base.lproj/LaunchScreen.storyboard; sourceTree = "<group>"; };
		05D90F17274BEAED00A93410 /* Info.plist */ = {isa = PBXFileReference; lastKnownFileType = text.plist.xml; path = Info.plist; sourceTree = "<group>"; };
		05D90F20274BEE0000A93410 /* AppCoordinator.swift */ = {isa = PBXFileReference; lastKnownFileType = sourcecode.swift; path = AppCoordinator.swift; sourceTree = "<group>"; };
		05D90F22274BEE2000A93410 /* Coordinator.swift */ = {isa = PBXFileReference; lastKnownFileType = sourcecode.swift; path = Coordinator.swift; sourceTree = "<group>"; };
		05D90F24274BEED200A93410 /* AuthFlowCoordinator.swift */ = {isa = PBXFileReference; lastKnownFileType = sourcecode.swift; path = AuthFlowCoordinator.swift; sourceTree = "<group>"; };
		05D90F26274BEEFF00A93410 /* JokeFlowCoordinator.swift */ = {isa = PBXFileReference; lastKnownFileType = sourcecode.swift; path = JokeFlowCoordinator.swift; sourceTree = "<group>"; };
		05D90F28274BF28900A93410 /* StartViewController.swift */ = {isa = PBXFileReference; lastKnownFileType = sourcecode.swift; path = StartViewController.swift; sourceTree = "<group>"; };
		05D90F30274BF4E900A93410 /* SignInViewController.swift */ = {isa = PBXFileReference; lastKnownFileType = sourcecode.swift; path = SignInViewController.swift; sourceTree = "<group>"; };
		05D90F33274BF72900A93410 /* SignUpLoginViewController.swift */ = {isa = PBXFileReference; lastKnownFileType = sourcecode.swift; path = SignUpLoginViewController.swift; sourceTree = "<group>"; };
		05D90F35274BF79400A93410 /* SignUpPasswordViewController.swift */ = {isa = PBXFileReference; lastKnownFileType = sourcecode.swift; path = SignUpPasswordViewController.swift; sourceTree = "<group>"; };
		05D90F37274BF85F00A93410 /* CoordinatorFactory.swift */ = {isa = PBXFileReference; lastKnownFileType = sourcecode.swift; path = CoordinatorFactory.swift; sourceTree = "<group>"; };
		05D90F39274BFA7B00A93410 /* FlowController.swift */ = {isa = PBXFileReference; lastKnownFileType = sourcecode.swift; path = FlowController.swift; sourceTree = "<group>"; };
/* End PBXFileReference section */

/* Begin PBXFrameworksBuildPhase section */
		05D90F03274BEAE800A93410 /* Frameworks */ = {
			isa = PBXFrameworksBuildPhase;
			buildActionMask = 2147483647;
			files = (
				05D90F2C274BF2A700A93410 /* SnapKit in Frameworks */,
			);
			runOnlyForDeploymentPostprocessing = 0;
		};
/* End PBXFrameworksBuildPhase section */

/* Begin PBXGroup section */
		05D90EFD274BEAE800A93410 = {
			isa = PBXGroup;
			children = (
				05D90F08274BEAE800A93410 /* Jokes */,
				05D90F07274BEAE800A93410 /* Products */,
			);
			sourceTree = "<group>";
		};
		05D90F07274BEAE800A93410 /* Products */ = {
			isa = PBXGroup;
			children = (
				05D90F06274BEAE800A93410 /* Jokes.app */,
			);
			name = Products;
			sourceTree = "<group>";
		};
		05D90F08274BEAE800A93410 /* Jokes */ = {
			isa = PBXGroup;
			children = (
				05D90F1F274BED3800A93410 /* ViewControllers */,
				05D90F1D274BECD200A93410 /* Coordinators */,
				05D90F09274BEAE800A93410 /* AppDelegate.swift */,
				05D90F0B274BEAE800A93410 /* SceneDelegate.swift */,
				05D90F12274BEAED00A93410 /* Assets.xcassets */,
				05D90F14274BEAED00A93410 /* LaunchScreen.storyboard */,
				05D90F17274BEAED00A93410 /* Info.plist */,
			);
			path = Jokes;
			sourceTree = "<group>";
		};
		05D90F1D274BECD200A93410 /* Coordinators */ = {
			isa = PBXGroup;
			children = (
				05D90F22274BEE2000A93410 /* Coordinator.swift */,
				05D90F20274BEE0000A93410 /* AppCoordinator.swift */,
				05D90F24274BEED200A93410 /* AuthFlowCoordinator.swift */,
				05D90F26274BEEFF00A93410 /* JokeFlowCoordinator.swift */,
				05D90F37274BF85F00A93410 /* CoordinatorFactory.swift */,
			);
			path = Coordinators;
			sourceTree = "<group>";
		};
		05D90F1F274BED3800A93410 /* ViewControllers */ = {
			isa = PBXGroup;
			children = (
				05D90F2D274BF4C600A93410 /* Auth */,
				05D90F39274BFA7B00A93410 /* FlowController.swift */,
			);
			path = ViewControllers;
			sourceTree = "<group>";
		};
		05D90F2D274BF4C600A93410 /* Auth */ = {
			isa = PBXGroup;
			children = (
				05D90F2F274BF4D400A93410 /* SignUp */,
				05D90F2E274BF4CF00A93410 /* SignIn */,
				05D90F28274BF28900A93410 /* StartViewController.swift */,
			);
			path = Auth;
			sourceTree = "<group>";
		};
		05D90F2E274BF4CF00A93410 /* SignIn */ = {
			isa = PBXGroup;
			children = (
				05D90F30274BF4E900A93410 /* SignInViewController.swift */,
			);
			path = SignIn;
			sourceTree = "<group>";
		};
		05D90F2F274BF4D400A93410 /* SignUp */ = {
			isa = PBXGroup;
			children = (
				05D90F33274BF72900A93410 /* SignUpLoginViewController.swift */,
				05D90F35274BF79400A93410 /* SignUpPasswordViewController.swift */,
			);
			path = SignUp;
			sourceTree = "<group>";
		};
/* End PBXGroup section */

/* Begin PBXNativeTarget section */
		05D90F05274BEAE800A93410 /* Jokes */ = {
			isa = PBXNativeTarget;
			buildConfigurationList = 05D90F1A274BEAED00A93410 /* Build configuration list for PBXNativeTarget "Jokes" */;
			buildPhases = (
				05D90F02274BEAE800A93410 /* Sources */,
				05D90F03274BEAE800A93410 /* Frameworks */,
				05D90F04274BEAE800A93410 /* Resources */,
			);
			buildRules = (
			);
			dependencies = (
			);
			name = Jokes;
			packageProductDependencies = (
				05D90F2B274BF2A700A93410 /* SnapKit */,
			);
			productName = Jokes;
			productReference = 05D90F06274BEAE800A93410 /* Jokes.app */;
			productType = "com.apple.product-type.application";
		};
/* End PBXNativeTarget section */

/* Begin PBXProject section */
		05D90EFE274BEAE800A93410 /* Project object */ = {
			isa = PBXProject;
			attributes = {
				BuildIndependentTargetsInParallel = 1;
				LastSwiftUpdateCheck = 1300;
				LastUpgradeCheck = 1300;
				TargetAttributes = {
					05D90F05274BEAE800A93410 = {
						CreatedOnToolsVersion = 13.0;
					};
				};
			};
			buildConfigurationList = 05D90F01274BEAE800A93410 /* Build configuration list for PBXProject "Jokes" */;
			compatibilityVersion = "Xcode 13.0";
			developmentRegion = en;
			hasScannedForEncodings = 0;
			knownRegions = (
				en,
				Base,
			);
			mainGroup = 05D90EFD274BEAE800A93410;
			packageReferences = (
				05D90F2A274BF2A700A93410 /* XCRemoteSwiftPackageReference "SnapKit" */,
			);
			productRefGroup = 05D90F07274BEAE800A93410 /* Products */;
			projectDirPath = "";
			projectRoot = "";
			targets = (
				05D90F05274BEAE800A93410 /* Jokes */,
			);
		};
/* End PBXProject section */

/* Begin PBXResourcesBuildPhase section */
		05D90F04274BEAE800A93410 /* Resources */ = {
			isa = PBXResourcesBuildPhase;
			buildActionMask = 2147483647;
			files = (
				05D90F16274BEAED00A93410 /* LaunchScreen.storyboard in Resources */,
				05D90F13274BEAED00A93410 /* Assets.xcassets in Resources */,
			);
			runOnlyForDeploymentPostprocessing = 0;
		};
/* End PBXResourcesBuildPhase section */

/* Begin PBXSourcesBuildPhase section */
		05D90F02274BEAE800A93410 /* Sources */ = {
			isa = PBXSourcesBuildPhase;
			buildActionMask = 2147483647;
			files = (
				05D90F34274BF72900A93410 /* SignUpLoginViewController.swift in Sources */,
				05D90F21274BEE0000A93410 /* AppCoordinator.swift in Sources */,
				05D90F29274BF28900A93410 /* StartViewController.swift in Sources */,
				05D90F27274BEEFF00A93410 /* JokeFlowCoordinator.swift in Sources */,
				05D90F23274BEE2000A93410 /* Coordinator.swift in Sources */,
				05D90F31274BF4E900A93410 /* SignInViewController.swift in Sources */,
				05D90F0A274BEAE800A93410 /* AppDelegate.swift in Sources */,
				05D90F36274BF79400A93410 /* SignUpPasswordViewController.swift in Sources */,
				05D90F25274BEED200A93410 /* AuthFlowCoordinator.swift in Sources */,
				05D90F38274BF85F00A93410 /* CoordinatorFactory.swift in Sources */,
				05D90F0C274BEAE800A93410 /* SceneDelegate.swift in Sources */,
				05D90F3A274BFA7B00A93410 /* FlowController.swift in Sources */,
			);
			runOnlyForDeploymentPostprocessing = 0;
		};
/* End PBXSourcesBuildPhase section */

/* Begin PBXVariantGroup section */
		05D90F14274BEAED00A93410 /* LaunchScreen.storyboard */ = {
			isa = PBXVariantGroup;
			children = (
				05D90F15274BEAED00A93410 /* Base */,
			);
			name = LaunchScreen.storyboard;
			sourceTree = "<group>";
		};
/* End PBXVariantGroup section */

/* Begin XCBuildConfiguration section */
		05D90F18274BEAED00A93410 /* Debug */ = {
			isa = XCBuildConfiguration;
			buildSettings = {
				ALWAYS_SEARCH_USER_PATHS = NO;
				CLANG_ANALYZER_NONNULL = YES;
				CLANG_ANALYZER_NUMBER_OBJECT_CONVERSION = YES_AGGRESSIVE;
				CLANG_CXX_LANGUAGE_STANDARD = "gnu++17";
				CLANG_CXX_LIBRARY = "libc++";
				CLANG_ENABLE_MODULES = YES;
				CLANG_ENABLE_OBJC_ARC = YES;
				CLANG_ENABLE_OBJC_WEAK = YES;
				CLANG_WARN_BLOCK_CAPTURE_AUTORELEASING = YES;
				CLANG_WARN_BOOL_CONVERSION = YES;
				CLANG_WARN_COMMA = YES;
				CLANG_WARN_CONSTANT_CONVERSION = YES;
				CLANG_WARN_DEPRECATED_OBJC_IMPLEMENTATIONS = YES;
				CLANG_WARN_DIRECT_OBJC_ISA_USAGE = YES_ERROR;
				CLANG_WARN_DOCUMENTATION_COMMENTS = YES;
				CLANG_WARN_EMPTY_BODY = YES;
				CLANG_WARN_ENUM_CONVERSION = YES;
				CLANG_WARN_INFINITE_RECURSION = YES;
				CLANG_WARN_INT_CONVERSION = YES;
				CLANG_WARN_NON_LITERAL_NULL_CONVERSION = YES;
				CLANG_WARN_OBJC_IMPLICIT_RETAIN_SELF = YES;
				CLANG_WARN_OBJC_LITERAL_CONVERSION = YES;
				CLANG_WARN_OBJC_ROOT_CLASS = YES_ERROR;
				CLANG_WARN_QUOTED_INCLUDE_IN_FRAMEWORK_HEADER = YES;
				CLANG_WARN_RANGE_LOOP_ANALYSIS = YES;
				CLANG_WARN_STRICT_PROTOTYPES = YES;
				CLANG_WARN_SUSPICIOUS_MOVE = YES;
				CLANG_WARN_UNGUARDED_AVAILABILITY = YES_AGGRESSIVE;
				CLANG_WARN_UNREACHABLE_CODE = YES;
				CLANG_WARN__DUPLICATE_METHOD_MATCH = YES;
				COPY_PHASE_STRIP = NO;
				DEBUG_INFORMATION_FORMAT = dwarf;
				ENABLE_STRICT_OBJC_MSGSEND = YES;
				ENABLE_TESTABILITY = YES;
				GCC_C_LANGUAGE_STANDARD = gnu11;
				GCC_DYNAMIC_NO_PIC = NO;
				GCC_NO_COMMON_BLOCKS = YES;
				GCC_OPTIMIZATION_LEVEL = 0;
				GCC_PREPROCESSOR_DEFINITIONS = (
					"DEBUG=1",
					"$(inherited)",
				);
				GCC_WARN_64_TO_32_BIT_CONVERSION = YES;
				GCC_WARN_ABOUT_RETURN_TYPE = YES_ERROR;
				GCC_WARN_UNDECLARED_SELECTOR = YES;
				GCC_WARN_UNINITIALIZED_AUTOS = YES_AGGRESSIVE;
				GCC_WARN_UNUSED_FUNCTION = YES;
				GCC_WARN_UNUSED_VARIABLE = YES;
				IPHONEOS_DEPLOYMENT_TARGET = 15.0;
				MTL_ENABLE_DEBUG_INFO = INCLUDE_SOURCE;
				MTL_FAST_MATH = YES;
				ONLY_ACTIVE_ARCH = YES;
				SDKROOT = iphoneos;
				SWIFT_ACTIVE_COMPILATION_CONDITIONS = DEBUG;
				SWIFT_OPTIMIZATION_LEVEL = "-Onone";
			};
			name = Debug;
		};
		05D90F19274BEAED00A93410 /* Release */ = {
			isa = XCBuildConfiguration;
			buildSettings = {
				ALWAYS_SEARCH_USER_PATHS = NO;
				CLANG_ANALYZER_NONNULL = YES;
				CLANG_ANALYZER_NUMBER_OBJECT_CONVERSION = YES_AGGRESSIVE;
				CLANG_CXX_LANGUAGE_STANDARD = "gnu++17";
				CLANG_CXX_LIBRARY = "libc++";
				CLANG_ENABLE_MODULES = YES;
				CLANG_ENABLE_OBJC_ARC = YES;
				CLANG_ENABLE_OBJC_WEAK = YES;
				CLANG_WARN_BLOCK_CAPTURE_AUTORELEASING = YES;
				CLANG_WARN_BOOL_CONVERSION = YES;
				CLANG_WARN_COMMA = YES;
				CLANG_WARN_CONSTANT_CONVERSION = YES;
				CLANG_WARN_DEPRECATED_OBJC_IMPLEMENTATIONS = YES;
				CLANG_WARN_DIRECT_OBJC_ISA_USAGE = YES_ERROR;
				CLANG_WARN_DOCUMENTATION_COMMENTS = YES;
				CLANG_WARN_EMPTY_BODY = YES;
				CLANG_WARN_ENUM_CONVERSION = YES;
				CLANG_WARN_INFINITE_RECURSION = YES;
				CLANG_WARN_INT_CONVERSION = YES;
				CLANG_WARN_NON_LITERAL_NULL_CONVERSION = YES;
				CLANG_WARN_OBJC_IMPLICIT_RETAIN_SELF = YES;
				CLANG_WARN_OBJC_LITERAL_CONVERSION = YES;
				CLANG_WARN_OBJC_ROOT_CLASS = YES_ERROR;
				CLANG_WARN_QUOTED_INCLUDE_IN_FRAMEWORK_HEADER = YES;
				CLANG_WARN_RANGE_LOOP_ANALYSIS = YES;
				CLANG_WARN_STRICT_PROTOTYPES = YES;
				CLANG_WARN_SUSPICIOUS_MOVE = YES;
				CLANG_WARN_UNGUARDED_AVAILABILITY = YES_AGGRESSIVE;
				CLANG_WARN_UNREACHABLE_CODE = YES;
				CLANG_WARN__DUPLICATE_METHOD_MATCH = YES;
				COPY_PHASE_STRIP = NO;
				DEBUG_INFORMATION_FORMAT = "dwarf-with-dsym";
				ENABLE_NS_ASSERTIONS = NO;
				ENABLE_STRICT_OBJC_MSGSEND = YES;
				GCC_C_LANGUAGE_STANDARD = gnu11;
				GCC_NO_COMMON_BLOCKS = YES;
				GCC_WARN_64_TO_32_BIT_CONVERSION = YES;
				GCC_WARN_ABOUT_RETURN_TYPE = YES_ERROR;
				GCC_WARN_UNDECLARED_SELECTOR = YES;
				GCC_WARN_UNINITIALIZED_AUTOS = YES_AGGRESSIVE;
				GCC_WARN_UNUSED_FUNCTION = YES;
				GCC_WARN_UNUSED_VARIABLE = YES;
				IPHONEOS_DEPLOYMENT_TARGET = 15.0;
				MTL_ENABLE_DEBUG_INFO = NO;
				MTL_FAST_MATH = YES;
				SDKROOT = iphoneos;
				SWIFT_COMPILATION_MODE = wholemodule;
				SWIFT_OPTIMIZATION_LEVEL = "-O";
				VALIDATE_PRODUCT = YES;
			};
			name = Release;
		};
		05D90F1B274BEAED00A93410 /* Debug */ = {
			isa = XCBuildConfiguration;
			buildSettings = {
				ASSETCATALOG_COMPILER_APPICON_NAME = AppIcon;
				ASSETCATALOG_COMPILER_GLOBAL_ACCENT_COLOR_NAME = AccentColor;
				CODE_SIGN_STYLE = Automatic;
				CURRENT_PROJECT_VERSION = 1;
				DEVELOPMENT_TEAM = K2QST44864;
				GENERATE_INFOPLIST_FILE = YES;
				INFOPLIST_FILE = Jokes/Info.plist;
				INFOPLIST_KEY_UIApplicationSupportsIndirectInputEvents = YES;
				INFOPLIST_KEY_UILaunchStoryboardName = LaunchScreen;
				INFOPLIST_KEY_UISupportedInterfaceOrientations_iPad = "UIInterfaceOrientationPortrait UIInterfaceOrientationPortraitUpsideDown UIInterfaceOrientationLandscapeLeft UIInterfaceOrientationLandscapeRight";
				INFOPLIST_KEY_UISupportedInterfaceOrientations_iPhone = "UIInterfaceOrientationPortrait UIInterfaceOrientationLandscapeLeft UIInterfaceOrientationLandscapeRight";
				LD_RUNPATH_SEARCH_PATHS = (
					"$(inherited)",
					"@executable_path/Frameworks",
				);
				MARKETING_VERSION = 1.0;
				PRODUCT_BUNDLE_IDENTIFIER = com.Lyap.Jokes;
				PRODUCT_NAME = "$(TARGET_NAME)";
				SWIFT_EMIT_LOC_STRINGS = YES;
				SWIFT_VERSION = 5.0;
				TARGETED_DEVICE_FAMILY = "1,2";
			};
			name = Debug;
		};
		05D90F1C274BEAED00A93410 /* Release */ = {
			isa = XCBuildConfiguration;
			buildSettings = {
				ASSETCATALOG_COMPILER_APPICON_NAME = AppIcon;
				ASSETCATALOG_COMPILER_GLOBAL_ACCENT_COLOR_NAME = AccentColor;
				CODE_SIGN_STYLE = Automatic;
				CURRENT_PROJECT_VERSION = 1;
				DEVELOPMENT_TEAM = K2QST44864;
				GENERATE_INFOPLIST_FILE = YES;
				INFOPLIST_FILE = Jokes/Info.plist;
				INFOPLIST_KEY_UIApplicationSupportsIndirectInputEvents = YES;
				INFOPLIST_KEY_UILaunchStoryboardName = LaunchScreen;
				INFOPLIST_KEY_UISupportedInterfaceOrientations_iPad = "UIInterfaceOrientationPortrait UIInterfaceOrientationPortraitUpsideDown UIInterfaceOrientationLandscapeLeft UIInterfaceOrientationLandscapeRight";
				INFOPLIST_KEY_UISupportedInterfaceOrientations_iPhone = "UIInterfaceOrientationPortrait UIInterfaceOrientationLandscapeLeft UIInterfaceOrientationLandscapeRight";
				LD_RUNPATH_SEARCH_PATHS = (
					"$(inherited)",
					"@executable_path/Frameworks",
				);
				MARKETING_VERSION = 1.0;
				PRODUCT_BUNDLE_IDENTIFIER = com.Lyap.Jokes;
				PRODUCT_NAME = "$(TARGET_NAME)";
				SWIFT_EMIT_LOC_STRINGS = YES;
				SWIFT_VERSION = 5.0;
				TARGETED_DEVICE_FAMILY = "1,2";
			};
			name = Release;
		};
/* End XCBuildConfiguration section */

/* Begin XCConfigurationList section */
		05D90F01274BEAE800A93410 /* Build configuration list for PBXProject "Jokes" */ = {
			isa = XCConfigurationList;
			buildConfigurations = (
				05D90F18274BEAED00A93410 /* Debug */,
				05D90F19274BEAED00A93410 /* Release */,
			);
			defaultConfigurationIsVisible = 0;
			defaultConfigurationName = Release;
		};
		05D90F1A274BEAED00A93410 /* Build configuration list for PBXNativeTarget "Jokes" */ = {
			isa = XCConfigurationList;
			buildConfigurations = (
				05D90F1B274BEAED00A93410 /* Debug */,
				05D90F1C274BEAED00A93410 /* Release */,
			);
			defaultConfigurationIsVisible = 0;
			defaultConfigurationName = Release;
		};
/* End XCConfigurationList section */

/* Begin XCRemoteSwiftPackageReference section */
		05D90F2A274BF2A700A93410 /* XCRemoteSwiftPackageReference "SnapKit" */ = {
			isa = XCRemoteSwiftPackageReference;
			repositoryURL = "https://github.com/SnapKit/SnapKit.git";
			requirement = {
				kind = upToNextMajorVersion;
				minimumVersion = 5.0.0;
			};
		};
/* End XCRemoteSwiftPackageReference section */

/* Begin XCSwiftPackageProductDependency section */
		05D90F2B274BF2A700A93410 /* SnapKit */ = {
			isa = XCSwiftPackageProductDependency;
			package = 05D90F2A274BF2A700A93410 /* XCRemoteSwiftPackageReference "SnapKit" */;
			productName = SnapKit;
		};
/* End XCSwiftPackageProductDependency section */
	};
	rootObject = 05D90EFE274BEAE800A93410 /* Project object */;
}
